// !$*UTF8*$!
{
	archiveVersion = 1;
	classes = {
	};
	objectVersion = 46;
	objects = {

/* Begin PBXBuildFile section */
		8E4FDDF919F9F4B500244A67 /* AppDelegate.swift in Sources */ = {isa = PBXBuildFile; fileRef = 8E4FDDF819F9F4B500244A67 /* AppDelegate.swift */; };
		8E4FDDFB19F9F4B500244A67 /* ViewController.swift in Sources */ = {isa = PBXBuildFile; fileRef = 8E4FDDFA19F9F4B500244A67 /* ViewController.swift */; };
		8E4FDDFE19F9F4B500244A67 /* Main.storyboard in Resources */ = {isa = PBXBuildFile; fileRef = 8E4FDDFC19F9F4B500244A67 /* Main.storyboard */; };
		8E4FDE0019F9F4B500244A67 /* Images.xcassets in Resources */ = {isa = PBXBuildFile; fileRef = 8E4FDDFF19F9F4B500244A67 /* Images.xcassets */; };
		8E4FDE0319F9F4B500244A67 /* LaunchScreen.xib in Resources */ = {isa = PBXBuildFile; fileRef = 8E4FDE0119F9F4B500244A67 /* LaunchScreen.xib */; };
		8E4FDE0F19F9F4B500244A67 /* TemperatureConverterTests.swift in Sources */ = {isa = PBXBuildFile; fileRef = 8E4FDE0E19F9F4B500244A67 /* TemperatureConverterTests.swift */; };
/* End PBXBuildFile section */

/* Begin PBXContainerItemProxy section */
		8E4FDE0919F9F4B500244A67 /* PBXContainerItemProxy */ = {
			isa = PBXContainerItemProxy;
			containerPortal = 8E4FDDEB19F9F4B500244A67 /* Project object */;
			proxyType = 1;
			remoteGlobalIDString = 8E4FDDF219F9F4B500244A67;
			remoteInfo = TemperatureConverter;
		};
/* End PBXContainerItemProxy section */

/* Begin PBXFileReference section */
		8E4FDDF319F9F4B500244A67 /* TemperatureConverter.app */ = {isa = PBXFileReference; explicitFileType = wrapper.application; includeInIndex = 0; path = TemperatureConverter.app; sourceTree = BUILT_PRODUCTS_DIR; };
		8E4FDDF719F9F4B500244A67 /* Info.plist */ = {isa = PBXFileReference; lastKnownFileType = text.plist.xml; path = Info.plist; sourceTree = "<group>"; };
		8E4FDDF819F9F4B500244A67 /* AppDelegate.swift */ = {isa = PBXFileReference; lastKnownFileType = sourcecode.swift; path = AppDelegate.swift; sourceTree = "<group>"; };
		8E4FDDFA19F9F4B500244A67 /* ViewController.swift */ = {isa = PBXFileReference; lastKnownFileType = sourcecode.swift; path = ViewController.swift; sourceTree = "<group>"; };
		8E4FDDFD19F9F4B500244A67 /* Base */ = {isa = PBXFileReference; lastKnownFileType = file.storyboard; name = Base; path = Base.lproj/Main.storyboard; sourceTree = "<group>"; };
		8E4FDDFF19F9F4B500244A67 /* Images.xcassets */ = {isa = PBXFileReference; lastKnownFileType = folder.assetcatalog; path = Images.xcassets; sourceTree = "<group>"; };
		8E4FDE0219F9F4B500244A67 /* Base */ = {isa = PBXFileReference; lastKnownFileType = file.xib; name = Base; path = Base.lproj/LaunchScreen.xib; sourceTree = "<group>"; };
		8E4FDE0819F9F4B500244A67 /* TemperatureConverterTests.xctest */ = {isa = PBXFileReference; explicitFileType = wrapper.cfbundle; includeInIndex = 0; path = TemperatureConverterTests.xctest; sourceTree = BUILT_PRODUCTS_DIR; };
		8E4FDE0D19F9F4B500244A67 /* Info.plist */ = {isa = PBXFileReference; lastKnownFileType = text.plist.xml; path = Info.plist; sourceTree = "<group>"; };
		8E4FDE0E19F9F4B500244A67 /* TemperatureConverterTests.swift */ = {isa = PBXFileReference; lastKnownFileType = sourcecode.swift; path = TemperatureConverterTests.swift; sourceTree = "<group>"; };
/* End PBXFileReference section */

/* Begin PBXFrameworksBuildPhase section */
		8E4FDDF019F9F4B500244A67 /* Frameworks */ = {
			isa = PBXFrameworksBuildPhase;
			buildActionMask = 2147483647;
			files = (
			);
			runOnlyForDeploymentPostprocessing = 0;
		};
		8E4FDE0519F9F4B500244A67 /* Frameworks */ = {
			isa = PBXFrameworksBuildPhase;
			buildActionMask = 2147483647;
			files = (
			);
			runOnlyForDeploymentPostprocessing = 0;
		};
/* End PBXFrameworksBuildPhase section */

/* Begin PBXGroup section */
		8E4FDDEA19F9F4B500244A67 = {
			isa = PBXGroup;
			children = (
				8E4FDDF519F9F4B500244A67 /* TemperatureConverter */,
				8E4FDE0B19F9F4B500244A67 /* TemperatureConverterTests */,
				8E4FDDF419F9F4B500244A67 /* Products */,
			);
			sourceTree = "<group>";
		};
		8E4FDDF419F9F4B500244A67 /* Products */ = {
			isa = PBXGroup;
			children = (
				8E4FDDF319F9F4B500244A67 /* TemperatureConverter.app */,
				8E4FDE0819F9F4B500244A67 /* TemperatureConverterTests.xctest */,
			);
			name = Products;
			sourceTree = "<group>";
		};
		8E4FDDF519F9F4B500244A67 /* TemperatureConverter */ = {
			isa = PBXGroup;
			children = (
				8E4FDDF819F9F4B500244A67 /* AppDelegate.swift */,
				8E4FDDFA19F9F4B500244A67 /* ViewController.swift */,
				8E4FDDFC19F9F4B500244A67 /* Main.storyboard */,
				8E4FDDFF19F9F4B500244A67 /* Images.xcassets */,
				8E4FDE0119F9F4B500244A67 /* LaunchScreen.xib */,
				8E4FDDF619F9F4B500244A67 /* Supporting Files */,
			);
			path = TemperatureConverter;
			sourceTree = "<group>";
		};
		8E4FDDF619F9F4B500244A67 /* Supporting Files */ = {
			isa = PBXGroup;
			children = (
				8E4FDDF719F9F4B500244A67 /* Info.plist */,
			);
			name = "Supporting Files";
			sourceTree = "<group>";
		};
		8E4FDE0B19F9F4B500244A67 /* TemperatureConverterTests */ = {
			isa = PBXGroup;
			children = (
				8E4FDE0E19F9F4B500244A67 /* TemperatureConverterTests.swift */,
				8E4FDE0C19F9F4B500244A67 /* Supporting Files */,
			);
			path = TemperatureConverterTests;
			sourceTree = "<group>";
		};
		8E4FDE0C19F9F4B500244A67 /* Supporting Files */ = {
			isa = PBXGroup;
			children = (
				8E4FDE0D19F9F4B500244A67 /* Info.plist */,
			);
			name = "Supporting Files";
			sourceTree = "<group>";
		};
/* End PBXGroup section */

/* Begin PBXNativeTarget section */
		8E4FDDF219F9F4B500244A67 /* TemperatureConverter */ = {
			isa = PBXNativeTarget;
			buildConfigurationList = 8E4FDE1219F9F4B500244A67 /* Build configuration list for PBXNativeTarget "TemperatureConverter" */;
			buildPhases = (
				8E4FDDEF19F9F4B500244A67 /* Sources */,
				8E4FDDF019F9F4B500244A67 /* Frameworks */,
				8E4FDDF119F9F4B500244A67 /* Resources */,
			);
			buildRules = (
			);
			dependencies = (
			);
			name = TemperatureConverter;
			productName = TemperatureConverter;
			productReference = 8E4FDDF319F9F4B500244A67 /* TemperatureConverter.app */;
			productType = "com.apple.product-type.application";
		};
		8E4FDE0719F9F4B500244A67 /* TemperatureConverterTests */ = {
			isa = PBXNativeTarget;
			buildConfigurationList = 8E4FDE1519F9F4B500244A67 /* Build configuration list for PBXNativeTarget "TemperatureConverterTests" */;
			buildPhases = (
				8E4FDE0419F9F4B500244A67 /* Sources */,
				8E4FDE0519F9F4B500244A67 /* Frameworks */,
				8E4FDE0619F9F4B500244A67 /* Resources */,
			);
			buildRules = (
			);
			dependencies = (
				8E4FDE0A19F9F4B500244A67 /* PBXTargetDependency */,
			);
			name = TemperatureConverterTests;
			productName = TemperatureConverterTests;
			productReference = 8E4FDE0819F9F4B500244A67 /* TemperatureConverterTests.xctest */;
			productType = "com.apple.product-type.bundle.unit-test";
		};
/* End PBXNativeTarget section */

/* Begin PBXProject section */
		8E4FDDEB19F9F4B500244A67 /* Project object */ = {
			isa = PBXProject;
			attributes = {
				LastUpgradeCheck = 0610;
				ORGANIZATIONNAME = touzi;
				TargetAttributes = {
					8E4FDDF219F9F4B500244A67 = {
						CreatedOnToolsVersion = 6.1;
					};
					8E4FDE0719F9F4B500244A67 = {
						CreatedOnToolsVersion = 6.1;
						TestTargetID = 8E4FDDF219F9F4B500244A67;
					};
				};
			};
			buildConfigurationList = 8E4FDDEE19F9F4B500244A67 /* Build configuration list for PBXProject "TemperatureConverter" */;
			compatibilityVersion = "Xcode 3.2";
			developmentRegion = English;
			hasScannedForEncodings = 0;
			knownRegions = (
				en,
				Base,
			);
			mainGroup = 8E4FDDEA19F9F4B500244A67;
			productRefGroup = 8E4FDDF419F9F4B500244A67 /* Products */;
			projectDirPath = "";
			projectRoot = "";
			targets = (
				8E4FDDF219F9F4B500244A67 /* TemperatureConverter */,
				8E4FDE0719F9F4B500244A67 /* TemperatureConverterTests */,
			);
		};
/* End PBXProject section */

/* Begin PBXResourcesBuildPhase section */
		8E4FDDF119F9F4B500244A67 /* Resources */ = {
			isa = PBXResourcesBuildPhase;
			buildActionMask = 2147483647;
			files = (
				8E4FDDFE19F9F4B500244A67 /* Main.storyboard in Resources */,
				8E4FDE0319F9F4B500244A67 /* LaunchScreen.xib in Resources */,
				8E4FDE0019F9F4B500244A67 /* Images.xcassets in Resources */,
			);
			runOnlyForDeploymentPostprocessing = 0;
		};
		8E4FDE0619F9F4B500244A67 /* Resources */ = {
			isa = PBXResourcesBuildPhase;
			buildActionMask = 2147483647;
			files = (
			);
			runOnlyForDeploymentPostprocessing = 0;
		};
/* End PBXResourcesBuildPhase section */

/* Begin PBXSourcesBuildPhase section */
		8E4FDDEF19F9F4B500244A67 /* Sources */ = {
			isa = PBXSourcesBuildPhase;
			buildActionMask = 2147483647;
			files = (
				8E4FDDFB19F9F4B500244A67 /* ViewController.swift in Sources */,
				8E4FDDF919F9F4B500244A67 /* AppDelegate.swift in Sources */,
			);
			runOnlyForDeploymentPostprocessing = 0;
		};
		8E4FDE0419F9F4B500244A67 /* Sources */ = {
			isa = PBXSourcesBuildPhase;
			buildActionMask = 2147483647;
			files = (
				8E4FDE0F19F9F4B500244A67 /* TemperatureConverterTests.swift in Sources */,
			);
			runOnlyForDeploymentPostprocessing = 0;
		};
/* End PBXSourcesBuildPhase section */

/* Begin PBXTargetDependency section */
		8E4FDE0A19F9F4B500244A67 /* PBXTargetDependency */ = {
			isa = PBXTargetDependency;
			target = 8E4FDDF219F9F4B500244A67 /* TemperatureConverter */;
			targetProxy = 8E4FDE0919F9F4B500244A67 /* PBXContainerItemProxy */;
		};
/* End PBXTargetDependency section */

/* Begin PBXVariantGroup section */
		8E4FDDFC19F9F4B500244A67 /* Main.storyboard */ = {
			isa = PBXVariantGroup;
			children = (
				8E4FDDFD19F9F4B500244A67 /* Base */,
			);
			name = Main.storyboard;
			sourceTree = "<group>";
		};
		8E4FDE0119F9F4B500244A67 /* LaunchScreen.xib */ = {
			isa = PBXVariantGroup;
			children = (
				8E4FDE0219F9F4B500244A67 /* Base */,
			);
			name = LaunchScreen.xib;
			sourceTree = "<group>";
		};
/* End PBXVariantGroup section */

/* Begin XCBuildConfiguration section */
		8E4FDE1019F9F4B500244A67 /* Debug */ = {
			isa = XCBuildConfiguration;
			buildSettings = {
				ALWAYS_SEARCH_USER_PATHS = NO;
				CLANG_CXX_LANGUAGE_STANDARD = "gnu++0x";
				CLANG_CXX_LIBRARY = "libc++";
				CLANG_ENABLE_MODULES = YES;
				CLANG_ENABLE_OBJC_ARC = YES;
				CLANG_WARN_BOOL_CONVERSION = YES;
				CLANG_WARN_CONSTANT_CONVERSION = YES;
				CLANG_WARN_DIRECT_OBJC_ISA_USAGE = YES_ERROR;
				CLANG_WARN_EMPTY_BODY = YES;
				CLANG_WARN_ENUM_CONVERSION = YES;
				CLANG_WARN_INT_CONVERSION = YES;
				CLANG_WARN_OBJC_ROOT_CLASS = YES_ERROR;
				CLANG_WARN_UNREACHABLE_CODE = YES;
				CLANG_WARN__DUPLICATE_METHOD_MATCH = YES;
				"CODE_SIGN_IDENTITY[sdk=iphoneos*]" = "iPhone Developer";
				COPY_PHASE_STRIP = NO;
				ENABLE_STRICT_OBJC_MSGSEND = YES;
				GCC_C_LANGUAGE_STANDARD = gnu99;
				GCC_DYNAMIC_NO_PIC = NO;
				GCC_OPTIMIZATION_LEVEL = 0;
				GCC_PREPROCESSOR_DEFINITIONS = (
					"DEBUG=1",
					"$(inherited)",
				);
				GCC_SYMBOLS_PRIVATE_EXTERN = NO;
				GCC_WARN_64_TO_32_BIT_CONVERSION = YES;
				GCC_WARN_ABOUT_RETURN_TYPE = YES_ERROR;
				GCC_WARN_UNDECLARED_SELECTOR = YES;
				GCC_WARN_UNINITIALIZED_AUTOS = YES_AGGRESSIVE;
				GCC_WARN_UNUSED_FUNCTION = YES;
				GCC_WARN_UNUSED_VARIABLE = YES;
				IPHONEOS_DEPLOYMENT_TARGET = 8.1;
				MTL_ENABLE_DEBUG_INFO = YES;
				ONLY_ACTIVE_ARCH = YES;
				SDKROOT = iphoneos;
				SWIFT_OPTIMIZATION_LEVEL = "-Onone";
			};
			name = Debug;
		};
		8E4FDE1119F9F4B500244A67 /* Release */ = {
			isa = XCBuildConfiguration;
			buildSettings = {
				ALWAYS_SEARCH_USER_PATHS = NO;
				CLANG_CXX_LANGUAGE_STANDARD = "gnu++0x";
				CLANG_CXX_LIBRARY = "libc++";
				CLANG_ENABLE_MODULES = YES;
				CLANG_ENABLE_OBJC_ARC = YES;
				CLANG_WARN_BOOL_CONVERSION = YES;
				CLANG_WARN_CONSTANT_CONVERSION = YES;
				CLANG_WARN_DIRECT_OBJC_ISA_USAGE = YES_ERROR;
				CLANG_WARN_EMPTY_BODY = YES;
				CLANG_WARN_ENUM_CONVERSION = YES;
				CLANG_WARN_INT_CONVERSION = YES;
				CLANG_WARN_OBJC_ROOT_CLASS = YES_ERROR;
				CLANG_WARN_UNREACHABLE_CODE = YES;
				CLANG_WARN__DUPLICATE_METHOD_MATCH = YES;
				"CODE_SIGN_IDENTITY[sdk=iphoneos*]" = "iPhone Developer";
				COPY_PHASE_STRIP = YES;
				ENABLE_NS_ASSERTIONS = NO;
				ENABLE_STRICT_OBJC_MSGSEND = YES;
				GCC_C_LANGUAGE_STANDARD = gnu99;
				GCC_WARN_64_TO_32_BIT_CONVERSION = YES;
				GCC_WARN_ABOUT_RETURN_TYPE = YES_ERROR;
				GCC_WARN_UNDECLARED_SELECTOR = YES;
				GCC_WARN_UNINITIALIZED_AUTOS = YES_AGGRESSIVE;
				GCC_WARN_UNUSED_FUNCTION = YES;
				GCC_WARN_UNUSED_VARIABLE = YES;
				IPHONEOS_DEPLOYMENT_TARGET = 8.1;
				MTL_ENABLE_DEBUG_INFO = NO;
				SDKROOT = iphoneos;
				VALIDATE_PRODUCT = YES;
			};
			name = Release;
		};
		8E4FDE1319F9F4B500244A67 /* Debug */ = {
			isa = XCBuildConfiguration;
			buildSettings = {
				ASSETCATALOG_COMPILER_APPICON_NAME = AppIcon;
				INFOPLIST_FILE = TemperatureConverter/Info.plist;
				LD_RUNPATH_SEARCH_PATHS = "$(inherited) @executable_path/Frameworks";
				PRODUCT_NAME = "$(TARGET_NAME)";
				TARGETED_DEVICE_FAMILY = "1,2";
			};
			name = Debug;
		};
		8E4FDE1419F9F4B500244A67 /* Release */ = {
			isa = XCBuildConfiguration;
			buildSettings = {
				ASSETCATALOG_COMPILER_APPICON_NAME = AppIcon;
				INFOPLIST_FILE = TemperatureConverter/Info.plist;
				LD_RUNPATH_SEARCH_PATHS = "$(inherited) @executable_path/Frameworks";
				PRODUCT_NAME = "$(TARGET_NAME)";
				TARGETED_DEVICE_FAMILY = "1,2";
			};
			name = Release;
		};
		8E4FDE1619F9F4B500244A67 /* Debug */ = {
			isa = XCBuildConfiguration;
			buildSettings = {
				BUNDLE_LOADER = "$(TEST_HOST)";
				FRAMEWORK_SEARCH_PATHS = (
					"$(SDKROOT)/Developer/Library/Frameworks",
					"$(inherited)",
				);
				GCC_PREPROCESSOR_DEFINITIONS = (
					"DEBUG=1",
					"$(inherited)",
				);
				INFOPLIST_FILE = TemperatureConverterTests/Info.plist;
				LD_RUNPATH_SEARCH_PATHS = "$(inherited) @executable_path/Frameworks @loader_path/Frameworks";
				PRODUCT_NAME = "$(TARGET_NAME)";
				TEST_HOST = "$(BUILT_PRODUCTS_DIR)/TemperatureConverter.app/TemperatureConverter";
			};
			name = Debug;
		};
		8E4FDE1719F9F4B500244A67 /* Release */ = {
			isa = XCBuildConfiguration;
			buildSettings = {
				BUNDLE_LOADER = "$(TEST_HOST)";
				FRAMEWORK_SEARCH_PATHS = (
					"$(SDKROOT)/Developer/Library/Frameworks",
					"$(inherited)",
				);
				INFOPLIST_FILE = TemperatureConverterTests/Info.plist;
				LD_RUNPATH_SEARCH_PATHS = "$(inherited) @executable_path/Frameworks @loader_path/Frameworks";
				PRODUCT_NAME = "$(TARGET_NAME)";
				TEST_HOST = "$(BUILT_PRODUCTS_DIR)/TemperatureConverter.app/TemperatureConverter";
			};
			name = Release;
		};
/* End XCBuildConfiguration section */

/* Begin XCConfigurationList section */
		8E4FDDEE19F9F4B500244A67 /* Build configuration list for PBXProject "TemperatureConverter" */ = {
			isa = XCConfigurationList;
			buildConfigurations = (
				8E4FDE1019F9F4B500244A67 /* Debug */,
				8E4FDE1119F9F4B500244A67 /* Release */,
			);
			defaultConfigurationIsVisible = 0;
			defaultConfigurationName = Release;
		};
		8E4FDE1219F9F4B500244A67 /* Build configuration list for PBXNativeTarget "TemperatureConverter" */ = {
			isa = XCConfigurationList;
			buildConfigurations = (
				8E4FDE1319F9F4B500244A67 /* Debug */,
				8E4FDE1419F9F4B500244A67 /* Release */,
			);
			defaultConfigurationIsVisible = 0;
		};
		8E4FDE1519F9F4B500244A67 /* Build configuration list for PBXNativeTarget "TemperatureConverterTests" */ = {
			isa = XCConfigurationList;
			buildConfigurations = (
				8E4FDE1619F9F4B500244A67 /* Debug */,
				8E4FDE1719F9F4B500244A67 /* Release */,
			);
			defaultConfigurationIsVisible = 0;
		};
/* End XCConfigurationList section */
	};
	rootObject = 8E4FDDEB19F9F4B500244A67 /* Project object */;
}
